<?xml version="1.0" encoding="utf-8"?>
<Project ToolsVersion="4.0" xmlns="http://schemas.microsoft.com/developer/msbuild/2003">
  <ItemGroup>
    <Filter Include="Source Files">
      <UniqueIdentifier>{4FC737F1-C7A5-4376-A066-2A32D752A2FF}</UniqueIdentifier>
      <Extensions>cpp;c;cc;cxx;c++;cppm;ixx;def;odl;idl;hpj;bat;asm;asmx</Extensions>
    </Filter>
    <Filter Include="Header Files">
      <UniqueIdentifier>{93995380-89BD-4b04-88EB-625FBE52EBFB}</UniqueIdentifier>
      <Extensions>h;hh;hpp;hxx;h++;hm;inl;inc;ipp;xsd</Extensions>
    </Filter>
    <Filter Include="Resource Files">
      <UniqueIdentifier>{67DA6AB6-F800-4c08-8B7A-83BB121AAD01}</UniqueIdentifier>
      <Extensions>rc;ico;cur;bmp;dlg;rc2;rct;bin;rgs;gif;jpg;jpeg;jpe;resx;tiff;tif;png;wav;mfcribbon-ms</Extensions>
    </Filter>
  </ItemGroup>
  <ItemGroup>
    <ClCompile Include="dllmain.cpp">
      <Filter>Source Files</Filter>
    </ClCompile>
    <ClCompile Include="Function\structure\FunctionBase.cpp">
      <Filter>Source Files</Filter>
    </ClCompile>
    <ClCompile Include="StdCalc.cpp">
      <Filter>Source Files</Filter>
    </ClCompile>
    <ClCompile Include="Matrix.cpp">
      <Filter>Source Files</Filter>
    </ClCompile>
    <ClCompile Include="MathVector.cpp">
      <Filter>Source Files</Filter>
    </ClCompile>
    <ClCompile Include="Function\types\VectorFunction.cpp">
      <Filter>Source Files</Filter>
    </ClCompile>
    <ClCompile Include="Function\types\MatrixFunction.cpp">
      <Filter>Source Files</Filter>
    </ClCompile>
    <ClCompile Include="Function\types\RationalFunction.cpp">
      <Filter>Source Files</Filter>
    </ClCompile>
    <ClCompile Include="Function\types\Polynomial.cpp">
      <Filter>Source Files</Filter>
    </ClCompile>
    <ClCompile Include="Function\general\Monomial.cpp">
      <Filter>Source Files</Filter>
    </ClCompile>
    <ClCompile Include="Function\general\Constant.cpp">
      <Filter>Source Files</Filter>
    </ClCompile>
    <ClCompile Include="Function\general\FnMonomial.cpp">
      <Filter>Source Files</Filter>
    </ClCompile>
    <ClCompile Include="Function\general\PFnMonomial.cpp">
      <Filter>Source Files</Filter>
    </ClCompile>
    <ClCompile Include="Function\general\AbsoluteValue.cpp">
      <Filter>Source Files</Filter>
    </ClCompile>
    <ClCompile Include="Function\general\Exponent.cpp">
      <Filter>Source Files</Filter>
    </ClCompile>
    <ClCompile Include="Function\general\Logarithm.cpp">
      <Filter>Source Files</Filter>
    </ClCompile>
    <ClCompile Include="Function\general\Trig.cpp">
      <Filter>Source Files</Filter>
    </ClCompile>
    <ClCompile Include="Function\general\GeneralFunctions.cpp">
      <Filter>Source Files</Filter>
    </ClCompile>
    <ClCompile Include="LinearTransformation.cpp">
      <Filter>Source Files</Filter>
    </ClCompile>
    <ClCompile Include="Function\general\Bezier.cpp">
      <Filter>Source Files</Filter>
    </ClCompile>
    <ClCompile Include="Function\structure\FunctionIterator.cpp">
      <Filter>Source Files</Filter>
    </ClCompile>
    <ClCompile Include="Function\structure\CastedFunctionIterator.cpp" />
    <ClCompile Include="Function\structure\ConstFunctionIterator.cpp">
      <Filter>Source Files</Filter>
    </ClCompile>
  </ItemGroup>
  <ItemGroup>
    <ClInclude Include="Function\types\RationalFunction.h">
      <Filter>Header Files</Filter>
    </ClInclude>
    <ClInclude Include="Function\types\CompositeFunction.h">
      <Filter>Header Files</Filter>
    </ClInclude>
    <ClInclude Include="Function\general\CoreFunctions.h">
      <Filter>Header Files</Filter>
    </ClInclude>
    <ClInclude Include="Function\Function.h">
      <Filter>Header Files</Filter>
    </ClInclude>
    <ClInclude Include="Function\structure\FunctionBase.h">
      <Filter>Header Files</Filter>
    </ClInclude>
    <ClInclude Include="Function\general\GeneralFunctions.h">
      <Filter>Header Files</Filter>
    </ClInclude>
    <ClInclude Include="Function\types\Polynomial.h">
      <Filter>Header Files</Filter>
    </ClInclude>
    <ClInclude Include="Constants.h">
      <Filter>Header Files</Filter>
    </ClInclude>
    <ClInclude Include="MathVector.h">
      <Filter>Header Files</Filter>
    </ClInclude>
    <ClInclude Include="Matrix.h">
      <Filter>Header Files</Filter>
    </ClInclude>
    <ClInclude Include="StdCalc.h">
      <Filter>Header Files</Filter>
    </ClInclude>
    <ClInclude Include="Function\types\MatrixFunction.h">
      <Filter>Header Files</Filter>
    </ClInclude>
    <ClInclude Include="Function\types\VectorFunction.h">
      <Filter>Header Files</Filter>
    </ClInclude>
    <ClInclude Include="LinearTransformation.h">
      <Filter>Header Files</Filter>
    </ClInclude>
    <ClInclude Include="Function\general\Bezier.h">
      <Filter>Header Files</Filter>
    </ClInclude>
    <ClInclude Include="Function\structure\FunctionIterator.h">
      <Filter>Header Files</Filter>
    </ClInclude>
  </ItemGroup>
  <ItemGroup>
    <None Include="TODO.md" />
    <None Include="Function\structure\CastedFunctionIterator.cpp" />
  </ItemGroup>
</Project>