<?xml version="1.0" encoding="utf-8"?>
<Project ToolsVersion="4.0" xmlns="http://schemas.microsoft.com/developer/msbuild/2003">
  <ItemGroup>
    <Filter Include="Source Files">
      <UniqueIdentifier>{4FC737F1-C7A5-4376-A066-2A32D752A2FF}</UniqueIdentifier>
      <Extensions>cpp;c;cc;cxx;c++;cppm;ixx;def;odl;idl;hpj;bat;asm;asmx</Extensions>
    </Filter>
    <Filter Include="Header Files">
      <UniqueIdentifier>{93995380-89BD-4b04-88EB-625FBE52EBFB}</UniqueIdentifier>
      <Extensions>h;hh;hpp;hxx;h++;hm;inl;inc;ipp;xsd</Extensions>
    </Filter>
    <Filter Include="Resource Files">
      <UniqueIdentifier>{67DA6AB6-F800-4c08-8B7A-83BB121AAD01}</UniqueIdentifier>
      <Extensions>rc;ico;cur;bmp;dlg;rc2;rct;bin;rgs;gif;jpg;jpeg;jpe;resx;tiff;tif;png;wav;mfcribbon-ms</Extensions>
    </Filter>
  </ItemGroup>
  <ItemGroup>
    <ClCompile Include="dllmain.cpp">
      <Filter>Source Files</Filter>
    </ClCompile>
    <ClCompile Include="Controls\Button.cpp">
      <Filter>Source Files</Filter>
    </ClCompile>
    <ClCompile Include="Controls\CalendarGrid.cpp">
      <Filter>Source Files</Filter>
    </ClCompile>
    <ClCompile Include="Controls\CheckableButton.cpp">
      <Filter>Source Files</Filter>
    </ClCompile>
    <ClCompile Include="Controls\ComboBox.cpp">
      <Filter>Source Files</Filter>
    </ClCompile>
    <ClCompile Include="Controls\Control.cpp">
      <Filter>Source Files</Filter>
    </ClCompile>
    <ClCompile Include="Controls\Grid.cpp">
      <Filter>Source Files</Filter>
    </ClCompile>
    <ClCompile Include="Controls\ImageViewer.cpp">
      <Filter>Source Files</Filter>
    </ClCompile>
    <ClCompile Include="Controls\Label.cpp">
      <Filter>Source Files</Filter>
    </ClCompile>
    <ClCompile Include="Controls\ProgressBar.cpp">
      <Filter>Source Files</Filter>
    </ClCompile>
    <ClCompile Include="Controls\ScrollViewer.cpp">
      <Filter>Source Files</Filter>
    </ClCompile>
    <ClCompile Include="Controls\StyleButton.cpp">
      <Filter>Source Files</Filter>
    </ClCompile>
    <ClCompile Include="Controls\StyledControl.cpp">
      <Filter>Source Files</Filter>
    </ClCompile>
    <ClCompile Include="Controls\TextBox.cpp">
      <Filter>Source Files</Filter>
    </ClCompile>
    <ClCompile Include="Controls\ToggleButton.cpp">
      <Filter>Source Files</Filter>
    </ClCompile>
    <ClCompile Include="Windows\FooterHost.cpp">
      <Filter>Source Files</Filter>
    </ClCompile>
    <ClCompile Include="Editors\Window\SideHost.cpp">
      <Filter>Source Files</Filter>
    </ClCompile>
    <ClCompile Include="Editors\Editor.cpp">
      <Filter>Source Files</Filter>
    </ClCompile>
    <ClCompile Include="Editors\EditorButton.cpp">
      <Filter>Source Files</Filter>
    </ClCompile>
    <ClCompile Include="Editors\EditorButtonHost.cpp">
      <Filter>Source Files</Filter>
    </ClCompile>
    <ClCompile Include="Editors\EditorHost.cpp">
      <Filter>Source Files</Filter>
    </ClCompile>
    <ClCompile Include="Editors\EditorPopout.cpp">
      <Filter>Source Files</Filter>
    </ClCompile>
    <ClCompile Include="Editors\EditorRegistry.cpp">
      <Filter>Source Files</Filter>
    </ClCompile>
    <ClCompile Include="Style\StyleType.cpp">
      <Filter>Source Files</Filter>
    </ClCompile>
    <ClCompile Include="Style\StyleSchematicElement.cpp">
      <Filter>Source Files</Filter>
    </ClCompile>
    <ClCompile Include="Style\StyleSchematic.cpp">
      <Filter>Source Files</Filter>
    </ClCompile>
    <ClCompile Include="Style\StyleSheet.cpp">
      <Filter>Source Files</Filter>
    </ClCompile>
    <ClCompile Include="Style\Style.cpp">
      <Filter>Source Files</Filter>
    </ClCompile>
    <ClCompile Include="UICommon.cpp">
      <Filter>Source Files</Filter>
    </ClCompile>
  </ItemGroup>
  <ItemGroup>
    <ClInclude Include="Controls\Button.h">
      <Filter>Header Files</Filter>
    </ClInclude>
    <ClInclude Include="Controls\CalendarGrid.h">
      <Filter>Header Files</Filter>
    </ClInclude>
    <ClInclude Include="Controls\CheckableButton.h">
      <Filter>Header Files</Filter>
    </ClInclude>
    <ClInclude Include="Controls\ComboBox.h">
      <Filter>Header Files</Filter>
    </ClInclude>
    <ClInclude Include="Controls\Control.h">
      <Filter>Header Files</Filter>
    </ClInclude>
    <ClInclude Include="Controls\Grid.h">
      <Filter>Header Files</Filter>
    </ClInclude>
    <ClInclude Include="Controls\ImageViewer.h">
      <Filter>Header Files</Filter>
    </ClInclude>
    <ClInclude Include="Controls\Label.h">
      <Filter>Header Files</Filter>
    </ClInclude>
    <ClInclude Include="Controls\ProgressBar.h">
      <Filter>Header Files</Filter>
    </ClInclude>
    <ClInclude Include="Controls\ScrollViewer.h">
      <Filter>Header Files</Filter>
    </ClInclude>
    <ClInclude Include="Controls\StyleButton.h">
      <Filter>Header Files</Filter>
    </ClInclude>
    <ClInclude Include="Controls\TextBox.h">
      <Filter>Header Files</Filter>
    </ClInclude>
    <ClInclude Include="Controls\ToggleButton.h">
      <Filter>Header Files</Filter>
    </ClInclude>
    <ClInclude Include="Windows\FooterHost.h">
      <Filter>Header Files</Filter>
    </ClInclude>
    <ClInclude Include="Controls.h">
      <Filter>Header Files</Filter>
    </ClInclude>
    <ClInclude Include="UICommon.h">
      <Filter>Header Files</Filter>
    </ClInclude>
    <ClInclude Include="Editors\Window\SideHost.h">
      <Filter>Header Files</Filter>
    </ClInclude>
    <ClInclude Include="Editors\Window\Window.h">
      <Filter>Header Files</Filter>
    </ClInclude>
    <ClInclude Include="Editors\Editor.h">
      <Filter>Header Files</Filter>
    </ClInclude>
    <ClInclude Include="Editors\EditorButton.h">
      <Filter>Header Files</Filter>
    </ClInclude>
    <ClInclude Include="Editors\EditorButtonHost.h">
      <Filter>Header Files</Filter>
    </ClInclude>
    <ClInclude Include="Editors\EditorCommon.h">
      <Filter>Header Files</Filter>
    </ClInclude>
    <ClInclude Include="Editors\EditorHost.h">
      <Filter>Header Files</Filter>
    </ClInclude>
    <ClInclude Include="Editors\EditorPopout.h">
      <Filter>Header Files</Filter>
    </ClInclude>
    <ClInclude Include="Editors\EditorRegistry.h">
      <Filter>Header Files</Filter>
    </ClInclude>
    <ClInclude Include="Style\StyleSchematic.h">
      <Filter>Header Files</Filter>
    </ClInclude>
    <ClInclude Include="Style\StyleType.h">
      <Filter>Header Files</Filter>
    </ClInclude>
    <ClInclude Include="Style\StyleSheet.h">
      <Filter>Header Files</Filter>
    </ClInclude>
    <ClInclude Include="Style\Style.h">
      <Filter>Header Files</Filter>
    </ClInclude>
  </ItemGroup>
</Project>